// !$*UTF8*$!
{
	archiveVersion = 1;
	classes = {
	};
	objectVersion = 46;
	objects = {

/* Begin PBXBuildFile section */
		420E32C31B2198060037B6CA /* FXObjectAccessors.c in Sources */ = {isa = PBXBuildFile; fileRef = 420E32C21B2198060037B6CA /* FXObjectAccessors.c */; };
		420E32C41B2198060037B6CA /* FXObjectAccessors.c in Sources */ = {isa = PBXBuildFile; fileRef = 420E32C21B2198060037B6CA /* FXObjectAccessors.c */; };
		4237150B1B070D3B000A4877 /* FXTestsMacro.c in Sources */ = {isa = PBXBuildFile; fileRef = 423715091B070D3B000A4877 /* FXTestsMacro.c */; };
		4237150C1B070D3B000A4877 /* FXTestsMacro.c in Sources */ = {isa = PBXBuildFile; fileRef = 423715091B070D3B000A4877 /* FXTestsMacro.c */; };
		4237150D1B070D3B000A4877 /* FXTestsMacro.c in Sources */ = {isa = PBXBuildFile; fileRef = 423715091B070D3B000A4877 /* FXTestsMacro.c */; };
		4237150E1B070D3B000A4877 /* FXTestsMacro.c in Sources */ = {isa = PBXBuildFile; fileRef = 423715091B070D3B000A4877 /* FXTestsMacro.c */; };
		423715361B0747BE000A4877 /* main.c in Sources */ = {isa = PBXBuildFile; fileRef = 423715341B0747BE000A4877 /* main.c */; };
		423715381B07481E000A4877 /* FXObject.c in Sources */ = {isa = PBXBuildFile; fileRef = 423715371B07481E000A4877 /* FXObject.c */; };
		4237153C1B0753AA000A4877 /* FXObjectTests.c in Sources */ = {isa = PBXBuildFile; fileRef = 4237153B1B0753AA000A4877 /* FXObjectTests.c */; };
		4237153E1B07568E000A4877 /* FXTestsMacro.c in Sources */ = {isa = PBXBuildFile; fileRef = 423715091B070D3B000A4877 /* FXTestsMacro.c */; };
		4239DA8E1B23221B0013986B /* FXString.c in Sources */ = {isa = PBXBuildFile; fileRef = 4239DA8D1B23221B0013986B /* FXString.c */; };
		4239DA9F1B2343D40013986B /* FXStringTests.c in Sources */ = {isa = PBXBuildFile; fileRef = 4239DA9E1B2343D40013986B /* FXStringTests.c */; };
		42617EEA1AFF4B070019934C /* FXPrimitiveOutputTypeTests.c in Sources */ = {isa = PBXBuildFile; fileRef = 42617EE81AFF4B070019934C /* FXPrimitiveOutputTypeTests.c */; };
		42643CF61B2320EC00B90F83 /* main.c in Sources */ = {isa = PBXBuildFile; fileRef = 42643CF41B2320EC00B90F83 /* main.c */; };
		426948191AFAA34A00974906 /* main.c in Sources */ = {isa = PBXBuildFile; fileRef = 426948151AFAA33A00974906 /* main.c */; };
		426948251AFAA3A900974906 /* main.c in Sources */ = {isa = PBXBuildFile; fileRef = 426948231AFAA3A900974906 /* main.c */; };
		426948291AFAA3B900974906 /* main.c in Sources */ = {isa = PBXBuildFile; fileRef = 426948271AFAA3B900974906 /* main.c */; };
		4269482D1AFAA3CA00974906 /* main.c in Sources */ = {isa = PBXBuildFile; fileRef = 4269482B1AFAA3CA00974906 /* main.c */; };
		426BE5D01B36AE5E008A27E4 /* FXLinkedListNode.c in Sources */ = {isa = PBXBuildFile; fileRef = 426BE5CE1B36AE5E008A27E4 /* FXLinkedListNode.c */; };
		426BE5D61B36C04C008A27E4 /* FXObject.c in Sources */ = {isa = PBXBuildFile; fileRef = 423715371B07481E000A4877 /* FXObject.c */; };
		426BE5D71B36C052008A27E4 /* FXObjectAccessors.c in Sources */ = {isa = PBXBuildFile; fileRef = 420E32C21B2198060037B6CA /* FXObjectAccessors.c */; };
		426CDA8B1B012D120002B2EF /* FXBitOutput.c in Sources */ = {isa = PBXBuildFile; fileRef = 426CDA891B012D120002B2EF /* FXBitOutput.c */; };
		426CDA8F1B012D3E0002B2EF /* FXBitOutputTests.c in Sources */ = {isa = PBXBuildFile; fileRef = 426CDA8D1B012D3E0002B2EF /* FXBitOutputTests.c */; };
		4270C3771B3488DD000D5D1A /* FXArray.c in Sources */ = {isa = PBXBuildFile; fileRef = 428083731B2459C300334F99 /* FXArray.c */; };
		428083721B24598D00334F99 /* main.c in Sources */ = {isa = PBXBuildFile; fileRef = 4280836F1B24598D00334F99 /* main.c */; };
		428083741B2459C300334F99 /* FXArray.c in Sources */ = {isa = PBXBuildFile; fileRef = 428083731B2459C300334F99 /* FXArray.c */; };
		428083771B245A0400334F99 /* FXArrayTests.c in Sources */ = {isa = PBXBuildFile; fileRef = 428083761B245A0400334F99 /* FXArrayTests.c */; };
		428083791B245ADA00334F99 /* FXTestsMacro.c in Sources */ = {isa = PBXBuildFile; fileRef = 423715091B070D3B000A4877 /* FXTestsMacro.c */; };
		4280837A1B245C4A00334F99 /* FXObjectAccessors.c in Sources */ = {isa = PBXBuildFile; fileRef = 420E32C21B2198060037B6CA /* FXObjectAccessors.c */; };
		4280837B1B245C4E00334F99 /* FXObject.c in Sources */ = {isa = PBXBuildFile; fileRef = 423715371B07481E000A4877 /* FXObject.c */; };
		428980601B4442690057D669 /* main.c in Sources */ = {isa = PBXBuildFile; fileRef = 4289805D1B4442690057D669 /* main.c */; };
		428980621B4443140057D669 /* FXAutoreleasingStackTests.c in Sources */ = {isa = PBXBuildFile; fileRef = 428980611B4443140057D669 /* FXAutoreleasingStackTests.c */; };
		428980651B4443420057D669 /* FXAutoreleasingStack.c in Sources */ = {isa = PBXBuildFile; fileRef = 428980641B4443420057D669 /* FXAutoreleasingStack.c */; };
		428980671B4443F10057D669 /* FXTestsMacro.c in Sources */ = {isa = PBXBuildFile; fileRef = 423715091B070D3B000A4877 /* FXTestsMacro.c */; };
		4289806D1B445D160057D669 /* FXObject.c in Sources */ = {isa = PBXBuildFile; fileRef = 423715371B07481E000A4877 /* FXObject.c */; };
		4289806E1B445D1A0057D669 /* FXObjectAccessors.c in Sources */ = {isa = PBXBuildFile; fileRef = 420E32C21B2198060037B6CA /* FXObjectAccessors.c */; };
		4290DD281B344B180029D187 /* FXString.c in Sources */ = {isa = PBXBuildFile; fileRef = 4239DA8D1B23221B0013986B /* FXString.c */; };
		429172BB1B0E609100FB9860 /* FXHumanTests.c in Sources */ = {isa = PBXBuildFile; fileRef = 429172BA1B0E609100FB9860 /* FXHumanTests.c */; };
		42A6B7AB1AFFC980004D43C6 /* FXDataStruct.c in Sources */ = {isa = PBXBuildFile; fileRef = 42A6B7A91AFFC980004D43C6 /* FXDataStruct.c */; };
		42A6B7B21AFFCFD3004D43C6 /* FXDataStructTests.c in Sources */ = {isa = PBXBuildFile; fileRef = 42A6B7B01AFFCFD3004D43C6 /* FXDataStructTests.c */; };
		42CDB5961B4982880055A42A /* FXObject.c in Sources */ = {isa = PBXBuildFile; fileRef = 423715371B07481E000A4877 /* FXObject.c */; };
		42CDB5981B49828B0055A42A /* FXObjectAccessors.c in Sources */ = {isa = PBXBuildFile; fileRef = 420E32C21B2198060037B6CA /* FXObjectAccessors.c */; };
		42CDB59A1B4983310055A42A /* FXLinkedList.c in Sources */ = {isa = PBXBuildFile; fileRef = 42D7BC681B358D8600617635 /* FXLinkedList.c */; };
		42CDB59B1B4983440055A42A /* FXLinkedListNode.c in Sources */ = {isa = PBXBuildFile; fileRef = 426BE5CE1B36AE5E008A27E4 /* FXLinkedListNode.c */; };
		42CDB59C1B4983520055A42A /* FXLinkedListEnumerator.c in Sources */ = {isa = PBXBuildFile; fileRef = 42FF0DBF1B3DB6B600DA9483 /* FXLinkedListEnumerator.c */; };
		42CDB59D1B4992E20055A42A /* FXAutoreleasingStack.c in Sources */ = {isa = PBXBuildFile; fileRef = 428980641B4443420057D669 /* FXAutoreleasingStack.c */; };
		42CE1C221AFE45710092C406 /* FXParentOutput.c in Sources */ = {isa = PBXBuildFile; fileRef = 42CE1C1D1AFE45710092C406 /* FXParentOutput.c */; };
		42CE1C441AFE90060092C406 /* FXParentOutputTests.c in Sources */ = {isa = PBXBuildFile; fileRef = 42CE1C3F1AFE90060092C406 /* FXParentOutputTests.c */; };
		42CE1C451AFE90060092C406 /* FXSizeOfTypeOutputTests.c in Sources */ = {isa = PBXBuildFile; fileRef = 42CE1C421AFE90060092C406 /* FXSizeOfTypeOutputTests.c */; };
		42D709BE1B23461A0053B63E /* FXTestsMacro.c in Sources */ = {isa = PBXBuildFile; fileRef = 423715091B070D3B000A4877 /* FXTestsMacro.c */; };
		42D78C6A1B08ADD20036BA48 /* main.c in Sources */ = {isa = PBXBuildFile; fileRef = 42D78C671B08AD910036BA48 /* main.c */; };
		42D78C6B1B08ADF90036BA48 /* FXTestsMacro.c in Sources */ = {isa = PBXBuildFile; fileRef = 423715091B070D3B000A4877 /* FXTestsMacro.c */; };
		42D78C6C1B08AE160036BA48 /* FXObject.c in Sources */ = {isa = PBXBuildFile; fileRef = 423715371B07481E000A4877 /* FXObject.c */; };
		42D78C6E1B08AF900036BA48 /* FXHuman.c in Sources */ = {isa = PBXBuildFile; fileRef = 42D78C6D1B08AF900036BA48 /* FXHuman.c */; };
		42D7BC641B358C6000617635 /* main.c in Sources */ = {isa = PBXBuildFile; fileRef = 42D7BC621B358C6000617635 /* main.c */; };
		42D7BC651B358CEC00617635 /* FXTestsMacro.c in Sources */ = {isa = PBXBuildFile; fileRef = 423715091B070D3B000A4877 /* FXTestsMacro.c */; };
		42D7BC691B358D8600617635 /* FXLinkedList.c in Sources */ = {isa = PBXBuildFile; fileRef = 42D7BC681B358D8600617635 /* FXLinkedList.c */; };
		42D7BC6C1B358DAC00617635 /* FXLinkedListTests.c in Sources */ = {isa = PBXBuildFile; fileRef = 42D7BC6B1B358DAC00617635 /* FXLinkedListTests.c */; };
		42DB74001B44ED630064BBAD /* main.c in Sources */ = {isa = PBXBuildFile; fileRef = 42DB73FE1B44ED630064BBAD /* main.c */; };
		42DB74021B44ED8E0064BBAD /* FXAutoreleasePool.c in Sources */ = {isa = PBXBuildFile; fileRef = 42DB74011B44ED8E0064BBAD /* FXAutoreleasePool.c */; };
		42DB74051B44EDAC0064BBAD /* FXAutoreleasePoolTests.c in Sources */ = {isa = PBXBuildFile; fileRef = 42DB74041B44EDAC0064BBAD /* FXAutoreleasePoolTests.c */; };
		42DB74071B44EE610064BBAD /* FXTestsMacro.c in Sources */ = {isa = PBXBuildFile; fileRef = 423715091B070D3B000A4877 /* FXTestsMacro.c */; };
		42F9A50E1B2344E20070FF94 /* FXObjectAccessors.c in Sources */ = {isa = PBXBuildFile; fileRef = 420E32C21B2198060037B6CA /* FXObjectAccessors.c */; };
		42F9A5101B2344E80070FF94 /* FXObject.c in Sources */ = {isa = PBXBuildFile; fileRef = 423715371B07481E000A4877 /* FXObject.c */; };
		42FF0DBB1B3DB63E00DA9483 /* FXLinkedListNodeTests.c in Sources */ = {isa = PBXBuildFile; fileRef = 42FF0DB91B3DB63E00DA9483 /* FXLinkedListNodeTests.c */; };
		42FF0DC01B3DB6B600DA9483 /* FXLinkedListEnumerator.c in Sources */ = {isa = PBXBuildFile; fileRef = 42FF0DBF1B3DB6B600DA9483 /* FXLinkedListEnumerator.c */; };
		42FF0DC31B3DB6EA00DA9483 /* FXLinkedListEnumeratorTests.c in Sources */ = {isa = PBXBuildFile; fileRef = 42FF0DC21B3DB6EA00DA9483 /* FXLinkedListEnumeratorTests.c */; };
/* End PBXBuildFile section */

/* Begin PBXCopyFilesBuildPhase section */
		4214E8EF1AFA9BF100D0E018 /* CopyFiles */ = {
			isa = PBXCopyFilesBuildPhase;
			buildActionMask = 2147483647;
			dstPath = /usr/share/man/man1/;
			dstSubfolderSpec = 0;
			files = (
			);
			runOnlyForDeploymentPostprocessing = 1;
		};
		4214E9001AFA9C3C00D0E018 /* CopyFiles */ = {
			isa = PBXCopyFilesBuildPhase;
			buildActionMask = 2147483647;
			dstPath = /usr/share/man/man1/;
			dstSubfolderSpec = 0;
			files = (
			);
			runOnlyForDeploymentPostprocessing = 1;
		};
		4214E91A1AFA9E1A00D0E018 /* CopyFiles */ = {
			isa = PBXCopyFilesBuildPhase;
			buildActionMask = 2147483647;
			dstPath = /usr/share/man/man1/;
			dstSubfolderSpec = 0;
			files = (
			);
			runOnlyForDeploymentPostprocessing = 1;
		};
		423715251B074733000A4877 /* CopyFiles */ = {
			isa = PBXCopyFilesBuildPhase;
			buildActionMask = 2147483647;
			dstPath = /usr/share/man/man1/;
			dstSubfolderSpec = 0;
			files = (
			);
			runOnlyForDeploymentPostprocessing = 1;
		};
		42643CE41B2320AF00B90F83 /* CopyFiles */ = {
			isa = PBXCopyFilesBuildPhase;
			buildActionMask = 2147483647;
			dstPath = /usr/share/man/man1/;
			dstSubfolderSpec = 0;
			files = (
			);
			runOnlyForDeploymentPostprocessing = 1;
		};
		428083601B2458A000334F99 /* CopyFiles */ = {
			isa = PBXCopyFilesBuildPhase;
			buildActionMask = 2147483647;
			dstPath = /usr/share/man/man1/;
			dstSubfolderSpec = 0;
			files = (
			);
			runOnlyForDeploymentPostprocessing = 1;
		};
		4289804E1B4442130057D669 /* CopyFiles */ = {
			isa = PBXCopyFilesBuildPhase;
			buildActionMask = 2147483647;
			dstPath = /usr/share/man/man1/;
			dstSubfolderSpec = 0;
			files = (
			);
			runOnlyForDeploymentPostprocessing = 1;
		};
		42B474691AFAA1EB00AD71F0 /* CopyFiles */ = {
			isa = PBXCopyFilesBuildPhase;
			buildActionMask = 2147483647;
			dstPath = /usr/share/man/man1/;
			dstSubfolderSpec = 0;
			files = (
			);
			runOnlyForDeploymentPostprocessing = 1;
		};
		42D78C581B08AD290036BA48 /* CopyFiles */ = {
			isa = PBXCopyFilesBuildPhase;
			buildActionMask = 2147483647;
			dstPath = /usr/share/man/man1/;
			dstSubfolderSpec = 0;
			files = (
			);
			runOnlyForDeploymentPostprocessing = 1;
		};
		42D7BC541B358C0E00617635 /* CopyFiles */ = {
			isa = PBXCopyFilesBuildPhase;
			buildActionMask = 2147483647;
			dstPath = /usr/share/man/man1/;
			dstSubfolderSpec = 0;
			files = (
			);
			runOnlyForDeploymentPostprocessing = 1;
		};
		42DB73EF1B44ECBD0064BBAD /* CopyFiles */ = {
			isa = PBXCopyFilesBuildPhase;
			buildActionMask = 2147483647;
			dstPath = /usr/share/man/man1/;
			dstSubfolderSpec = 0;
			files = (
			);
			runOnlyForDeploymentPostprocessing = 1;
		};
/* End PBXCopyFilesBuildPhase section */

/* Begin PBXFileReference section */
		420E32C21B2198060037B6CA /* FXObjectAccessors.c */ = {isa = PBXFileReference; fileEncoding = 4; lastKnownFileType = sourcecode.c.c; path = FXObjectAccessors.c; sourceTree = "<group>"; };
		420E32C61B2198210037B6CA /* FXObjectAccessors.h */ = {isa = PBXFileReference; fileEncoding = 4; lastKnownFileType = sourcecode.c.h; path = FXObjectAccessors.h; sourceTree = "<group>"; };
		4214E8F11AFA9BF100D0E018 /* Lection_1 */ = {isa = PBXFileReference; explicitFileType = "compiled.mach-o.executable"; includeInIndex = 0; path = Lection_1; sourceTree = BUILT_PRODUCTS_DIR; };
		4214E9021AFA9C3C00D0E018 /* Lection_2 */ = {isa = PBXFileReference; explicitFileType = "compiled.mach-o.executable"; includeInIndex = 0; path = Lection_2; sourceTree = BUILT_PRODUCTS_DIR; };
		4214E91C1AFA9E1A00D0E018 /* Lection_3 */ = {isa = PBXFileReference; explicitFileType = "compiled.mach-o.executable"; includeInIndex = 0; path = Lection_3; sourceTree = BUILT_PRODUCTS_DIR; };
		423715091B070D3B000A4877 /* FXTestsMacro.c */ = {isa = PBXFileReference; fileEncoding = 4; lastKnownFileType = sourcecode.c.c; path = FXTestsMacro.c; sourceTree = "<group>"; };
		4237150A1B070D3B000A4877 /* FXTestsMacro.h */ = {isa = PBXFileReference; fileEncoding = 4; lastKnownFileType = sourcecode.c.h; path = FXTestsMacro.h; sourceTree = "<group>"; };
		423715271B074733000A4877 /* FXObjects */ = {isa = PBXFileReference; explicitFileType = "compiled.mach-o.executable"; includeInIndex = 0; path = FXObjects; sourceTree = BUILT_PRODUCTS_DIR; };
		423715341B0747BE000A4877 /* main.c */ = {isa = PBXFileReference; fileEncoding = 4; lastKnownFileType = sourcecode.c.c; path = main.c; sourceTree = "<group>"; };
		423715371B07481E000A4877 /* FXObject.c */ = {isa = PBXFileReference; fileEncoding = 4; lastKnownFileType = sourcecode.c.c; path = FXObject.c; sourceTree = "<group>"; };
		423715391B07482B000A4877 /* FXObject.h */ = {isa = PBXFileReference; fileEncoding = 4; lastKnownFileType = sourcecode.c.h; path = FXObject.h; sourceTree = "<group>"; };
		4237153B1B0753AA000A4877 /* FXObjectTests.c */ = {isa = PBXFileReference; fileEncoding = 4; lastKnownFileType = sourcecode.c.c; path = FXObjectTests.c; sourceTree = "<group>"; };
		4237153D1B0753B7000A4877 /* FXObjectTests.h */ = {isa = PBXFileReference; fileEncoding = 4; lastKnownFileType = sourcecode.c.h; path = FXObjectTests.h; sourceTree = "<group>"; };
		4239DA8D1B23221B0013986B /* FXString.c */ = {isa = PBXFileReference; fileEncoding = 4; lastKnownFileType = sourcecode.c.c; path = FXString.c; sourceTree = "<group>"; };
		4239DA8F1B2322290013986B /* FXString.h */ = {isa = PBXFileReference; fileEncoding = 4; lastKnownFileType = sourcecode.c.h; path = FXString.h; sourceTree = "<group>"; };
		4239DA9E1B2343D40013986B /* FXStringTests.c */ = {isa = PBXFileReference; fileEncoding = 4; lastKnownFileType = sourcecode.c.c; path = FXStringTests.c; sourceTree = "<group>"; };
		4239DAA01B2343E80013986B /* FXStringTests.h */ = {isa = PBXFileReference; fileEncoding = 4; lastKnownFileType = sourcecode.c.h; path = FXStringTests.h; sourceTree = "<group>"; };
		42617EE21AFF49430019934C /* FXPrimitiveOutputType.h */ = {isa = PBXFileReference; fileEncoding = 4; lastKnownFileType = sourcecode.c.h; path = FXPrimitiveOutputType.h; sourceTree = "<group>"; };
		42617EE81AFF4B070019934C /* FXPrimitiveOutputTypeTests.c */ = {isa = PBXFileReference; fileEncoding = 4; lastKnownFileType = sourcecode.c.c; path = FXPrimitiveOutputTypeTests.c; sourceTree = "<group>"; };
		42617EE91AFF4B070019934C /* FXPrimitiveOutputTypeTests.h */ = {isa = PBXFileReference; fileEncoding = 4; lastKnownFileType = sourcecode.c.h; path = FXPrimitiveOutputTypeTests.h; sourceTree = "<group>"; };
		42643CE61B2320AF00B90F83 /* FXString */ = {isa = PBXFileReference; explicitFileType = "compiled.mach-o.executable"; includeInIndex = 0; path = FXString; sourceTree = BUILT_PRODUCTS_DIR; };
		42643CF41B2320EC00B90F83 /* main.c */ = {isa = PBXFileReference; fileEncoding = 4; lastKnownFileType = sourcecode.c.c; path = main.c; sourceTree = "<group>"; };
		426948151AFAA33A00974906 /* main.c */ = {isa = PBXFileReference; fileEncoding = 4; lastKnownFileType = sourcecode.c.c; path = main.c; sourceTree = "<group>"; };
		426948231AFAA3A900974906 /* main.c */ = {isa = PBXFileReference; fileEncoding = 4; lastKnownFileType = sourcecode.c.c; path = main.c; sourceTree = "<group>"; };
		426948271AFAA3B900974906 /* main.c */ = {isa = PBXFileReference; fileEncoding = 4; lastKnownFileType = sourcecode.c.c; path = main.c; sourceTree = "<group>"; };
		4269482B1AFAA3CA00974906 /* main.c */ = {isa = PBXFileReference; fileEncoding = 4; lastKnownFileType = sourcecode.c.c; path = main.c; sourceTree = "<group>"; };
		426BE5CE1B36AE5E008A27E4 /* FXLinkedListNode.c */ = {isa = PBXFileReference; fileEncoding = 4; lastKnownFileType = sourcecode.c.c; path = FXLinkedListNode.c; sourceTree = "<group>"; };
		426BE5CF1B36AE5E008A27E4 /* FXLinkedListNode.h */ = {isa = PBXFileReference; fileEncoding = 4; lastKnownFileType = sourcecode.c.h; path = FXLinkedListNode.h; sourceTree = "<group>"; };
		426CDA891B012D120002B2EF /* FXBitOutput.c */ = {isa = PBXFileReference; fileEncoding = 4; lastKnownFileType = sourcecode.c.c; path = FXBitOutput.c; sourceTree = "<group>"; };
		426CDA8A1B012D120002B2EF /* FXBitOutput.h */ = {isa = PBXFileReference; fileEncoding = 4; lastKnownFileType = sourcecode.c.h; path = FXBitOutput.h; sourceTree = "<group>"; };
		426CDA8D1B012D3E0002B2EF /* FXBitOutputTests.c */ = {isa = PBXFileReference; fileEncoding = 4; lastKnownFileType = sourcecode.c.c; path = FXBitOutputTests.c; sourceTree = "<group>"; };
		426CDA8E1B012D3E0002B2EF /* FXBitOutputTests.h */ = {isa = PBXFileReference; fileEncoding = 4; lastKnownFileType = sourcecode.c.h; path = FXBitOutputTests.h; sourceTree = "<group>"; };
		428083621B2458A000334F99 /* FXArray */ = {isa = PBXFileReference; explicitFileType = "compiled.mach-o.executable"; includeInIndex = 0; path = FXArray; sourceTree = BUILT_PRODUCTS_DIR; };
		4280836F1B24598D00334F99 /* main.c */ = {isa = PBXFileReference; fileEncoding = 4; lastKnownFileType = sourcecode.c.c; path = main.c; sourceTree = "<group>"; };
		428083731B2459C300334F99 /* FXArray.c */ = {isa = PBXFileReference; fileEncoding = 4; lastKnownFileType = sourcecode.c.c; path = FXArray.c; sourceTree = "<group>"; };
		428083751B2459CF00334F99 /* FXArray.h */ = {isa = PBXFileReference; fileEncoding = 4; lastKnownFileType = sourcecode.c.h; path = FXArray.h; sourceTree = "<group>"; };
		428083761B245A0400334F99 /* FXArrayTests.c */ = {isa = PBXFileReference; fileEncoding = 4; lastKnownFileType = sourcecode.c.c; path = FXArrayTests.c; sourceTree = "<group>"; };
		428083781B245A1200334F99 /* FXArrayTests.h */ = {isa = PBXFileReference; fileEncoding = 4; lastKnownFileType = sourcecode.c.h; path = FXArrayTests.h; sourceTree = "<group>"; };
		42808CFC1B3E006200C9C979 /* FXLinkedListPrivate.h */ = {isa = PBXFileReference; fileEncoding = 4; lastKnownFileType = sourcecode.c.h; path = FXLinkedListPrivate.h; sourceTree = "<group>"; };
		42808CFE1B3E007700C9C979 /* FXLinkedListEnumeratorPrivate.h */ = {isa = PBXFileReference; fileEncoding = 4; lastKnownFileType = sourcecode.c.h; path = FXLinkedListEnumeratorPrivate.h; sourceTree = "<group>"; };
		428980501B4442130057D669 /* FXAutoreleasingStack */ = {isa = PBXFileReference; explicitFileType = "compiled.mach-o.executable"; includeInIndex = 0; path = FXAutoreleasingStack; sourceTree = BUILT_PRODUCTS_DIR; };
		4289805D1B4442690057D669 /* main.c */ = {isa = PBXFileReference; fileEncoding = 4; lastKnownFileType = sourcecode.c.c; path = main.c; sourceTree = "<group>"; };
		428980611B4443140057D669 /* FXAutoreleasingStackTests.c */ = {isa = PBXFileReference; fileEncoding = 4; lastKnownFileType = sourcecode.c.c; path = FXAutoreleasingStackTests.c; sourceTree = "<group>"; };
		428980631B4443260057D669 /* FXAutoreleasingStackTests.h */ = {isa = PBXFileReference; fileEncoding = 4; lastKnownFileType = sourcecode.c.h; path = FXAutoreleasingStackTests.h; sourceTree = "<group>"; };
		428980641B4443420057D669 /* FXAutoreleasingStack.c */ = {isa = PBXFileReference; fileEncoding = 4; lastKnownFileType = sourcecode.c.c; path = FXAutoreleasingStack.c; sourceTree = "<group>"; };
		428980661B44434E0057D669 /* FXAutoreleasingStack.h */ = {isa = PBXFileReference; fileEncoding = 4; lastKnownFileType = sourcecode.c.h; path = FXAutoreleasingStack.h; sourceTree = "<group>"; };
		429172BA1B0E609100FB9860 /* FXHumanTests.c */ = {isa = PBXFileReference; fileEncoding = 4; lastKnownFileType = sourcecode.c.c; path = FXHumanTests.c; sourceTree = "<group>"; };
		429172BC1B0E609F00FB9860 /* FXHumanTests.h */ = {isa = PBXFileReference; fileEncoding = 4; lastKnownFileType = sourcecode.c.h; path = FXHumanTests.h; sourceTree = "<group>"; };
		42A6B7A91AFFC980004D43C6 /* FXDataStruct.c */ = {isa = PBXFileReference; fileEncoding = 4; lastKnownFileType = sourcecode.c.c; path = FXDataStruct.c; sourceTree = "<group>"; };
		42A6B7AA1AFFC980004D43C6 /* FXDataStruct.h */ = {isa = PBXFileReference; fileEncoding = 4; lastKnownFileType = sourcecode.c.h; path = FXDataStruct.h; sourceTree = "<group>"; };
		42A6B7B01AFFCFD3004D43C6 /* FXDataStructTests.c */ = {isa = PBXFileReference; fileEncoding = 4; lastKnownFileType = sourcecode.c.c; path = FXDataStructTests.c; sourceTree = "<group>"; };
		42A6B7B11AFFCFD3004D43C6 /* FXDataStructTests.h */ = {isa = PBXFileReference; fileEncoding = 4; lastKnownFileType = sourcecode.c.h; path = FXDataStructTests.h; sourceTree = "<group>"; };
		42B4746B1AFAA1EB00AD71F0 /* Lection_4 */ = {isa = PBXFileReference; explicitFileType = "compiled.mach-o.executable"; includeInIndex = 0; path = Lection_4; sourceTree = BUILT_PRODUCTS_DIR; };
		42CE1C1D1AFE45710092C406 /* FXParentOutput.c */ = {isa = PBXFileReference; fileEncoding = 4; lastKnownFileType = sourcecode.c.c; path = FXParentOutput.c; sourceTree = "<group>"; };
		42CE1C1E1AFE45710092C406 /* FXParentOutput.h */ = {isa = PBXFileReference; fileEncoding = 4; lastKnownFileType = sourcecode.c.h; path = FXParentOutput.h; sourceTree = "<group>"; };
		42CE1C211AFE45710092C406 /* FXSizeOfTypeOutput.h */ = {isa = PBXFileReference; fileEncoding = 4; lastKnownFileType = sourcecode.c.h; path = FXSizeOfTypeOutput.h; sourceTree = "<group>"; };
		42CE1C3F1AFE90060092C406 /* FXParentOutputTests.c */ = {isa = PBXFileReference; fileEncoding = 4; lastKnownFileType = sourcecode.c.c; path = FXParentOutputTests.c; sourceTree = "<group>"; };
		42CE1C401AFE90060092C406 /* FXParentOutputTests.h */ = {isa = PBXFileReference; fileEncoding = 4; lastKnownFileType = sourcecode.c.h; path = FXParentOutputTests.h; sourceTree = "<group>"; };
		42CE1C421AFE90060092C406 /* FXSizeOfTypeOutputTests.c */ = {isa = PBXFileReference; fileEncoding = 4; lastKnownFileType = sourcecode.c.c; path = FXSizeOfTypeOutputTests.c; sourceTree = "<group>"; };
		42CE1C431AFE90060092C406 /* FXSizeOfTypeOutputTests.h */ = {isa = PBXFileReference; fileEncoding = 4; lastKnownFileType = sourcecode.c.h; path = FXSizeOfTypeOutputTests.h; sourceTree = "<group>"; };
		42D78C5A1B08AD290036BA48 /* FXHuman */ = {isa = PBXFileReference; explicitFileType = "compiled.mach-o.executable"; includeInIndex = 0; path = FXHuman; sourceTree = BUILT_PRODUCTS_DIR; };
		42D78C671B08AD910036BA48 /* main.c */ = {isa = PBXFileReference; fileEncoding = 4; lastKnownFileType = sourcecode.c.c; path = main.c; sourceTree = "<group>"; };
		42D78C6D1B08AF900036BA48 /* FXHuman.c */ = {isa = PBXFileReference; fileEncoding = 4; lastKnownFileType = sourcecode.c.c; path = FXHuman.c; sourceTree = "<group>"; };
		42D78C6F1B08AFA00036BA48 /* FXHuman.h */ = {isa = PBXFileReference; fileEncoding = 4; lastKnownFileType = sourcecode.c.h; path = FXHuman.h; sourceTree = "<group>"; };
		42D7BC561B358C0E00617635 /* FXLinkedList */ = {isa = PBXFileReference; explicitFileType = "compiled.mach-o.executable"; includeInIndex = 0; path = FXLinkedList; sourceTree = BUILT_PRODUCTS_DIR; };
		42D7BC621B358C6000617635 /* main.c */ = {isa = PBXFileReference; fileEncoding = 4; lastKnownFileType = sourcecode.c.c; path = main.c; sourceTree = "<group>"; };
		42D7BC681B358D8600617635 /* FXLinkedList.c */ = {isa = PBXFileReference; fileEncoding = 4; lastKnownFileType = sourcecode.c.c; path = FXLinkedList.c; sourceTree = "<group>"; };
		42D7BC6A1B358D9300617635 /* FXLinkedList.h */ = {isa = PBXFileReference; fileEncoding = 4; lastKnownFileType = sourcecode.c.h; path = FXLinkedList.h; sourceTree = "<group>"; };
		42D7BC6B1B358DAC00617635 /* FXLinkedListTests.c */ = {isa = PBXFileReference; fileEncoding = 4; lastKnownFileType = sourcecode.c.c; path = FXLinkedListTests.c; sourceTree = "<group>"; };
		42D7BC6D1B358DC000617635 /* FXLinkedListTests.h */ = {isa = PBXFileReference; fileEncoding = 4; lastKnownFileType = sourcecode.c.h; path = FXLinkedListTests.h; sourceTree = "<group>"; };
		42DB73F11B44ECBD0064BBAD /* FXAutoreleasePool */ = {isa = PBXFileReference; explicitFileType = "compiled.mach-o.executable"; includeInIndex = 0; path = FXAutoreleasePool; sourceTree = BUILT_PRODUCTS_DIR; };
		42DB73FE1B44ED630064BBAD /* main.c */ = {isa = PBXFileReference; fileEncoding = 4; lastKnownFileType = sourcecode.c.c; path = main.c; sourceTree = "<group>"; };
		42DB74011B44ED8E0064BBAD /* FXAutoreleasePool.c */ = {isa = PBXFileReference; fileEncoding = 4; lastKnownFileType = sourcecode.c.c; path = FXAutoreleasePool.c; sourceTree = "<group>"; };
		42DB74031B44ED9A0064BBAD /* FXAutoreleasePool.h */ = {isa = PBXFileReference; fileEncoding = 4; lastKnownFileType = sourcecode.c.h; path = FXAutoreleasePool.h; sourceTree = "<group>"; };
		42DB74041B44EDAC0064BBAD /* FXAutoreleasePoolTests.c */ = {isa = PBXFileReference; fileEncoding = 4; lastKnownFileType = sourcecode.c.c; path = FXAutoreleasePoolTests.c; sourceTree = "<group>"; };
		42DB74061B44EDBD0064BBAD /* FXAutoreleasePoolTests.h */ = {isa = PBXFileReference; fileEncoding = 4; lastKnownFileType = sourcecode.c.h; path = FXAutoreleasePoolTests.h; sourceTree = "<group>"; };
		42FF0DB91B3DB63E00DA9483 /* FXLinkedListNodeTests.c */ = {isa = PBXFileReference; fileEncoding = 4; lastKnownFileType = sourcecode.c.c; name = FXLinkedListNodeTests.c; path = FXLinkedList/Tests/FXLinkedListNodeTests/FXLinkedListNodeTests.c; sourceTree = SOURCE_ROOT; };
		42FF0DBA1B3DB63E00DA9483 /* FXLinkedListNodeTests.h */ = {isa = PBXFileReference; fileEncoding = 4; lastKnownFileType = sourcecode.c.h; name = FXLinkedListNodeTests.h; path = FXLinkedList/Tests/FXLinkedListNodeTests/FXLinkedListNodeTests.h; sourceTree = SOURCE_ROOT; };
		42FF0DBF1B3DB6B600DA9483 /* FXLinkedListEnumerator.c */ = {isa = PBXFileReference; fileEncoding = 4; lastKnownFileType = sourcecode.c.c; path = FXLinkedListEnumerator.c; sourceTree = "<group>"; };
		42FF0DC11B3DB6C500DA9483 /* FXLinkedListEnumerator.h */ = {isa = PBXFileReference; fileEncoding = 4; lastKnownFileType = sourcecode.c.h; path = FXLinkedListEnumerator.h; sourceTree = "<group>"; };
		42FF0DC21B3DB6EA00DA9483 /* FXLinkedListEnumeratorTests.c */ = {isa = PBXFileReference; fileEncoding = 4; lastKnownFileType = sourcecode.c.c; path = FXLinkedListEnumeratorTests.c; sourceTree = "<group>"; };
		42FF0DC41B3DB6F700DA9483 /* FXLinkedListEnumeratorTests.h */ = {isa = PBXFileReference; fileEncoding = 4; lastKnownFileType = sourcecode.c.h; path = FXLinkedListEnumeratorTests.h; sourceTree = "<group>"; };
/* End PBXFileReference section */

/* Begin PBXFrameworksBuildPhase section */
		4214E8EE1AFA9BF100D0E018 /* Frameworks */ = {
			isa = PBXFrameworksBuildPhase;
			buildActionMask = 2147483647;
			files = (
			);
			runOnlyForDeploymentPostprocessing = 0;
		};
		4214E8FF1AFA9C3C00D0E018 /* Frameworks */ = {
			isa = PBXFrameworksBuildPhase;
			buildActionMask = 2147483647;
			files = (
			);
			runOnlyForDeploymentPostprocessing = 0;
		};
		4214E9191AFA9E1A00D0E018 /* Frameworks */ = {
			isa = PBXFrameworksBuildPhase;
			buildActionMask = 2147483647;
			files = (
			);
			runOnlyForDeploymentPostprocessing = 0;
		};
		423715241B074733000A4877 /* Frameworks */ = {
			isa = PBXFrameworksBuildPhase;
			buildActionMask = 2147483647;
			files = (
			);
			runOnlyForDeploymentPostprocessing = 0;
		};
		42643CE31B2320AF00B90F83 /* Frameworks */ = {
			isa = PBXFrameworksBuildPhase;
			buildActionMask = 2147483647;
			files = (
			);
			runOnlyForDeploymentPostprocessing = 0;
		};
		4280835F1B2458A000334F99 /* Frameworks */ = {
			isa = PBXFrameworksBuildPhase;
			buildActionMask = 2147483647;
			files = (
			);
			runOnlyForDeploymentPostprocessing = 0;
		};
		4289804D1B4442130057D669 /* Frameworks */ = {
			isa = PBXFrameworksBuildPhase;
			buildActionMask = 2147483647;
			files = (
			);
			runOnlyForDeploymentPostprocessing = 0;
		};
		42B474681AFAA1EB00AD71F0 /* Frameworks */ = {
			isa = PBXFrameworksBuildPhase;
			buildActionMask = 2147483647;
			files = (
			);
			runOnlyForDeploymentPostprocessing = 0;
		};
		42D78C571B08AD290036BA48 /* Frameworks */ = {
			isa = PBXFrameworksBuildPhase;
			buildActionMask = 2147483647;
			files = (
			);
			runOnlyForDeploymentPostprocessing = 0;
		};
		42D7BC531B358C0E00617635 /* Frameworks */ = {
			isa = PBXFrameworksBuildPhase;
			buildActionMask = 2147483647;
			files = (
			);
			runOnlyForDeploymentPostprocessing = 0;
		};
		42DB73EE1B44ECBD0064BBAD /* Frameworks */ = {
			isa = PBXFrameworksBuildPhase;
			buildActionMask = 2147483647;
			files = (
			);
			runOnlyForDeploymentPostprocessing = 0;
		};
/* End PBXFrameworksBuildPhase section */

/* Begin PBXGroup section */
		4214E8E61AFA9BF000D0E018 = {
			isa = PBXGroup;
			children = (
				423715011B070ACD000A4877 /* Shared */,
				4214E9151AFA9D9600D0E018 /* Lection_1 */,
				4214E9041AFA9C3C00D0E018 /* Lection_2 */,
				4214E91E1AFA9E1A00D0E018 /* Lection_3 */,
				42B4746D1AFAA1EB00AD71F0 /* Lection_4 */,
				423715291B074733000A4877 /* FXObjects */,
				42D78C5C1B08AD290036BA48 /* FXHuman */,
				42643CF11B2320EC00B90F83 /* FXString */,
				428083641B2458A000334F99 /* FXArray */,
				42D7BC581B358C0E00617635 /* FXLinkedList */,
				428980521B4442130057D669 /* FXAutoreleasingStack */,
				42DB73F31B44ECBD0064BBAD /* FXAutoreleasePool */,
				4214E8F21AFA9BF100D0E018 /* Products */,
			);
			sourceTree = "<group>";
		};
		4214E8F21AFA9BF100D0E018 /* Products */ = {
			isa = PBXGroup;
			children = (
				4214E8F11AFA9BF100D0E018 /* Lection_1 */,
				4214E9021AFA9C3C00D0E018 /* Lection_2 */,
				4214E91C1AFA9E1A00D0E018 /* Lection_3 */,
				42B4746B1AFAA1EB00AD71F0 /* Lection_4 */,
				423715271B074733000A4877 /* FXObjects */,
				42D78C5A1B08AD290036BA48 /* FXHuman */,
				42643CE61B2320AF00B90F83 /* FXString */,
				428083621B2458A000334F99 /* FXArray */,
				42D7BC561B358C0E00617635 /* FXLinkedList */,
				428980501B4442130057D669 /* FXAutoreleasingStack */,
				42DB73F11B44ECBD0064BBAD /* FXAutoreleasePool */,
			);
			name = Products;
			sourceTree = "<group>";
		};
		4214E9041AFA9C3C00D0E018 /* Lection_2 */ = {
			isa = PBXGroup;
			children = (
				426948261AFAA3B900974906 /* Source */,
				426948281AFAA3B900974906 /* Tests */,
			);
			name = Lection_2;
			path = "Lection-2";
			sourceTree = "<group>";
		};
		4214E9151AFA9D9600D0E018 /* Lection_1 */ = {
			isa = PBXGroup;
			children = (
				426948221AFAA3A900974906 /* Source */,
				426948241AFAA3A900974906 /* Tests */,
			);
			name = Lection_1;
			path = "Lection-1";
			sourceTree = "<group>";
		};
		4214E91E1AFA9E1A00D0E018 /* Lection_3 */ = {
			isa = PBXGroup;
			children = (
				4269482A1AFAA3CA00974906 /* Source */,
				4269482C1AFAA3CA00974906 /* Tests */,
			);
			name = Lection_3;
			path = "Lection-3";
			sourceTree = "<group>";
		};
		423715011B070ACD000A4877 /* Shared */ = {
			isa = PBXGroup;
			children = (
				423715081B070D3B000A4877 /* FXTestsMacro */,
			);
			path = Shared;
			sourceTree = "<group>";
		};
		423715081B070D3B000A4877 /* FXTestsMacro */ = {
			isa = PBXGroup;
			children = (
				423715091B070D3B000A4877 /* FXTestsMacro.c */,
				4237150A1B070D3B000A4877 /* FXTestsMacro.h */,
			);
			path = FXTestsMacro;
			sourceTree = "<group>";
		};
		423715291B074733000A4877 /* FXObjects */ = {
			isa = PBXGroup;
			children = (
				423715321B0747BE000A4877 /* Source */,
				423715351B0747BE000A4877 /* Tests */,
			);
			path = FXObjects;
			sourceTree = "<group>";
		};
		423715321B0747BE000A4877 /* Source */ = {
			isa = PBXGroup;
			children = (
				423715331B0747BE000A4877 /* FXObject */,
				423715341B0747BE000A4877 /* main.c */,
			);
			path = Source;
			sourceTree = "<group>";
		};
		423715331B0747BE000A4877 /* FXObject */ = {
			isa = PBXGroup;
			children = (
				423715371B07481E000A4877 /* FXObject.c */,
				423715391B07482B000A4877 /* FXObject.h */,
				420E32C21B2198060037B6CA /* FXObjectAccessors.c */,
				420E32C61B2198210037B6CA /* FXObjectAccessors.h */,
			);
			path = FXObject;
			sourceTree = "<group>";
		};
		423715351B0747BE000A4877 /* Tests */ = {
			isa = PBXGroup;
			children = (
				4237153A1B07538B000A4877 /* FXObjectTests */,
			);
			path = Tests;
			sourceTree = "<group>";
		};
		4237153A1B07538B000A4877 /* FXObjectTests */ = {
			isa = PBXGroup;
			children = (
				4237153B1B0753AA000A4877 /* FXObjectTests.c */,
				4237153D1B0753B7000A4877 /* FXObjectTests.h */,
			);
			path = FXObjectTests;
			sourceTree = "<group>";
		};
		4239DA9D1B2343BA0013986B /* FXStringTests */ = {
			isa = PBXGroup;
			children = (
				4239DA9E1B2343D40013986B /* FXStringTests.c */,
				4239DAA01B2343E80013986B /* FXStringTests.h */,
			);
			path = FXStringTests;
			sourceTree = "<group>";
		};
		42617EE01AFF49430019934C /* FXPrimitiveOutputType */ = {
			isa = PBXGroup;
			children = (
				42617EE21AFF49430019934C /* FXPrimitiveOutputType.h */,
			);
			path = FXPrimitiveOutputType;
			sourceTree = "<group>";
		};
		42617EE71AFF4B070019934C /* FXPrimitiveOutputTypeTests */ = {
			isa = PBXGroup;
			children = (
				42617EE81AFF4B070019934C /* FXPrimitiveOutputTypeTests.c */,
				42617EE91AFF4B070019934C /* FXPrimitiveOutputTypeTests.h */,
			);
			path = FXPrimitiveOutputTypeTests;
			sourceTree = "<group>";
		};
		42643CF11B2320EC00B90F83 /* FXString */ = {
			isa = PBXGroup;
			children = (
				42643CF21B2320EC00B90F83 /* Source */,
				42643CF51B2320EC00B90F83 /* Tests */,
			);
			path = FXString;
			sourceTree = "<group>";
		};
		42643CF21B2320EC00B90F83 /* Source */ = {
			isa = PBXGroup;
			children = (
				42643CF31B2320EC00B90F83 /* FXString */,
				42643CF41B2320EC00B90F83 /* main.c */,
			);
			path = Source;
			sourceTree = "<group>";
		};
		42643CF31B2320EC00B90F83 /* FXString */ = {
			isa = PBXGroup;
			children = (
				4239DA8D1B23221B0013986B /* FXString.c */,
				4239DA8F1B2322290013986B /* FXString.h */,
			);
			path = FXString;
			sourceTree = "<group>";
		};
		42643CF51B2320EC00B90F83 /* Tests */ = {
			isa = PBXGroup;
			children = (
				4239DA9D1B2343BA0013986B /* FXStringTests */,
			);
			path = Tests;
			sourceTree = "<group>";
		};
		426948141AFAA33A00974906 /* Source */ = {
			isa = PBXGroup;
			children = (
				426948151AFAA33A00974906 /* main.c */,
			);
			path = Source;
			sourceTree = "<group>";
		};
		426948161AFAA33A00974906 /* Tests */ = {
			isa = PBXGroup;
			children = (
			);
			path = Tests;
			sourceTree = "<group>";
		};
		426948221AFAA3A900974906 /* Source */ = {
			isa = PBXGroup;
			children = (
				42CE1C1C1AFE45710092C406 /* FXParentOutput */,
				42CE1C1F1AFE45710092C406 /* FXSizeOfTypeOutput */,
				426948231AFAA3A900974906 /* main.c */,
			);
			name = Source;
			path = Lection_1/Source;
			sourceTree = SOURCE_ROOT;
		};
		426948241AFAA3A900974906 /* Tests */ = {
			isa = PBXGroup;
			children = (
				42CE1C3E1AFE90060092C406 /* FXParentOutputTests */,
				42CE1C411AFE90060092C406 /* FXSizeOfTypeOutputTests */,
			);
			name = Tests;
			path = Lection_1/Tests;
			sourceTree = SOURCE_ROOT;
		};
		426948261AFAA3B900974906 /* Source */ = {
			isa = PBXGroup;
			children = (
				42617EE01AFF49430019934C /* FXPrimitiveOutputType */,
				426948271AFAA3B900974906 /* main.c */,
			);
			name = Source;
			path = Lection_2/Source;
			sourceTree = SOURCE_ROOT;
		};
		426948281AFAA3B900974906 /* Tests */ = {
			isa = PBXGroup;
			children = (
				42617EE71AFF4B070019934C /* FXPrimitiveOutputTypeTests */,
			);
			name = Tests;
			path = Lection_2/Tests;
			sourceTree = SOURCE_ROOT;
		};
		4269482A1AFAA3CA00974906 /* Source */ = {
			isa = PBXGroup;
			children = (
				426CDA881B012D120002B2EF /* FXBitOutput */,
				42A6B7A81AFFC980004D43C6 /* FXDataStruct */,
				4269482B1AFAA3CA00974906 /* main.c */,
			);
			name = Source;
			path = Lection_3/Source;
			sourceTree = SOURCE_ROOT;
		};
		4269482C1AFAA3CA00974906 /* Tests */ = {
			isa = PBXGroup;
			children = (
				426CDA8C1B012D3E0002B2EF /* FXBitOutputTests */,
				42A6B7AF1AFFCFD3004D43C6 /* FXDataStructTests */,
			);
			name = Tests;
			path = Lection_3/Tests;
			sourceTree = SOURCE_ROOT;
		};
		426BE5CD1B36AE5E008A27E4 /* FXLinkedListNode */ = {
			isa = PBXGroup;
			children = (
				426BE5CE1B36AE5E008A27E4 /* FXLinkedListNode.c */,
				426BE5CF1B36AE5E008A27E4 /* FXLinkedListNode.h */,
			);
			path = FXLinkedListNode;
			sourceTree = "<group>";
		};
		426BE5D81B36C18F008A27E4 /* FXLinkedListNodeTests */ = {
			isa = PBXGroup;
			children = (
				42FF0DB91B3DB63E00DA9483 /* FXLinkedListNodeTests.c */,
				42FF0DBA1B3DB63E00DA9483 /* FXLinkedListNodeTests.h */,
			);
			name = FXLinkedListNodeTests;
			path = FXLinkedListTests/FXLinkedListNodeTests;
			sourceTree = "<group>";
		};
		426CDA881B012D120002B2EF /* FXBitOutput */ = {
			isa = PBXGroup;
			children = (
				426CDA891B012D120002B2EF /* FXBitOutput.c */,
				426CDA8A1B012D120002B2EF /* FXBitOutput.h */,
			);
			path = FXBitOutput;
			sourceTree = "<group>";
		};
		426CDA8C1B012D3E0002B2EF /* FXBitOutputTests */ = {
			isa = PBXGroup;
			children = (
				426CDA8D1B012D3E0002B2EF /* FXBitOutputTests.c */,
				426CDA8E1B012D3E0002B2EF /* FXBitOutputTests.h */,
			);
			path = FXBitOutputTests;
			sourceTree = "<group>";
		};
		428083641B2458A000334F99 /* FXArray */ = {
			isa = PBXGroup;
			children = (
				4280836D1B24598D00334F99 /* Source */,
				428083701B24598D00334F99 /* Tests */,
			);
			path = FXArray;
			sourceTree = "<group>";
		};
		4280836D1B24598D00334F99 /* Source */ = {
			isa = PBXGroup;
			children = (
				4280836E1B24598D00334F99 /* FXArray */,
				4280836F1B24598D00334F99 /* main.c */,
			);
			path = Source;
			sourceTree = "<group>";
		};
		4280836E1B24598D00334F99 /* FXArray */ = {
			isa = PBXGroup;
			children = (
				428083731B2459C300334F99 /* FXArray.c */,
				428083751B2459CF00334F99 /* FXArray.h */,
			);
			path = FXArray;
			sourceTree = "<group>";
		};
		428083701B24598D00334F99 /* Tests */ = {
			isa = PBXGroup;
			children = (
				428083711B24598D00334F99 /* FXArrayTests */,
			);
			path = Tests;
			sourceTree = "<group>";
		};
		428083711B24598D00334F99 /* FXArrayTests */ = {
			isa = PBXGroup;
			children = (
				428083761B245A0400334F99 /* FXArrayTests.c */,
				428083781B245A1200334F99 /* FXArrayTests.h */,
			);
			path = FXArrayTests;
			sourceTree = "<group>";
		};
		428980521B4442130057D669 /* FXAutoreleasingStack */ = {
			isa = PBXGroup;
			children = (
				4289805B1B4442690057D669 /* Source */,
				4289805E1B4442690057D669 /* Tests */,
			);
			path = FXAutoreleasingStack;
			sourceTree = "<group>";
		};
		4289805B1B4442690057D669 /* Source */ = {
			isa = PBXGroup;
			children = (
				4289805C1B4442690057D669 /* FXAutoreleasingStack */,
				4289805D1B4442690057D669 /* main.c */,
			);
			path = Source;
			sourceTree = "<group>";
		};
		4289805C1B4442690057D669 /* FXAutoreleasingStack */ = {
			isa = PBXGroup;
			children = (
				428980641B4443420057D669 /* FXAutoreleasingStack.c */,
				428980661B44434E0057D669 /* FXAutoreleasingStack.h */,
			);
			path = FXAutoreleasingStack;
			sourceTree = "<group>";
		};
		4289805E1B4442690057D669 /* Tests */ = {
			isa = PBXGroup;
			children = (
				4289805F1B4442690057D669 /* FXAutoreleasingStackTests */,
			);
			path = Tests;
			sourceTree = "<group>";
		};
		4289805F1B4442690057D669 /* FXAutoreleasingStackTests */ = {
			isa = PBXGroup;
			children = (
				428980611B4443140057D669 /* FXAutoreleasingStackTests.c */,
				428980631B4443260057D669 /* FXAutoreleasingStackTests.h */,
			);
			path = FXAutoreleasingStackTests;
			sourceTree = "<group>";
		};
		429172B81B0E606F00FB9860 /* FXHumanTests */ = {
			isa = PBXGroup;
			children = (
				429172BA1B0E609100FB9860 /* FXHumanTests.c */,
				429172BC1B0E609F00FB9860 /* FXHumanTests.h */,
			);
			path = FXHumanTests;
			sourceTree = "<group>";
		};
		42A6B7A81AFFC980004D43C6 /* FXDataStruct */ = {
			isa = PBXGroup;
			children = (
				42A6B7A91AFFC980004D43C6 /* FXDataStruct.c */,
				42A6B7AA1AFFC980004D43C6 /* FXDataStruct.h */,
			);
			path = FXDataStruct;
			sourceTree = "<group>";
		};
		42A6B7AF1AFFCFD3004D43C6 /* FXDataStructTests */ = {
			isa = PBXGroup;
			children = (
				42A6B7B01AFFCFD3004D43C6 /* FXDataStructTests.c */,
				42A6B7B11AFFCFD3004D43C6 /* FXDataStructTests.h */,
			);
			path = FXDataStructTests;
			sourceTree = "<group>";
		};
		42B4746D1AFAA1EB00AD71F0 /* Lection_4 */ = {
			isa = PBXGroup;
			children = (
				426948141AFAA33A00974906 /* Source */,
				426948161AFAA33A00974906 /* Tests */,
			);
			path = Lection_4;
			sourceTree = "<group>";
		};
		42CE1C1C1AFE45710092C406 /* FXParentOutput */ = {
			isa = PBXGroup;
			children = (
				42CE1C1D1AFE45710092C406 /* FXParentOutput.c */,
				42CE1C1E1AFE45710092C406 /* FXParentOutput.h */,
			);
			path = FXParentOutput;
			sourceTree = "<group>";
		};
		42CE1C1F1AFE45710092C406 /* FXSizeOfTypeOutput */ = {
			isa = PBXGroup;
			children = (
				42CE1C211AFE45710092C406 /* FXSizeOfTypeOutput.h */,
			);
			path = FXSizeOfTypeOutput;
			sourceTree = "<group>";
		};
		42CE1C3E1AFE90060092C406 /* FXParentOutputTests */ = {
			isa = PBXGroup;
			children = (
				42CE1C3F1AFE90060092C406 /* FXParentOutputTests.c */,
				42CE1C401AFE90060092C406 /* FXParentOutputTests.h */,
			);
			path = FXParentOutputTests;
			sourceTree = "<group>";
		};
		42CE1C411AFE90060092C406 /* FXSizeOfTypeOutputTests */ = {
			isa = PBXGroup;
			children = (
				42CE1C421AFE90060092C406 /* FXSizeOfTypeOutputTests.c */,
				42CE1C431AFE90060092C406 /* FXSizeOfTypeOutputTests.h */,
			);
			path = FXSizeOfTypeOutputTests;
			sourceTree = "<group>";
		};
		42D78C5C1B08AD290036BA48 /* FXHuman */ = {
			isa = PBXGroup;
			children = (
				42D78C651B08AD910036BA48 /* Source */,
				42D78C681B08AD910036BA48 /* Tests */,
			);
			path = FXHuman;
			sourceTree = "<group>";
		};
		42D78C651B08AD910036BA48 /* Source */ = {
			isa = PBXGroup;
			children = (
				42D78C661B08AD910036BA48 /* FXHuman */,
				42D78C671B08AD910036BA48 /* main.c */,
			);
			path = Source;
			sourceTree = "<group>";
		};
		42D78C661B08AD910036BA48 /* FXHuman */ = {
			isa = PBXGroup;
			children = (
				42D78C6D1B08AF900036BA48 /* FXHuman.c */,
				42D78C6F1B08AFA00036BA48 /* FXHuman.h */,
			);
			path = FXHuman;
			sourceTree = "<group>";
		};
		42D78C681B08AD910036BA48 /* Tests */ = {
			isa = PBXGroup;
			children = (
				429172B81B0E606F00FB9860 /* FXHumanTests */,
			);
			path = Tests;
			sourceTree = "<group>";
		};
		42D7BC581B358C0E00617635 /* FXLinkedList */ = {
			isa = PBXGroup;
			children = (
				42D7BC611B358C6000617635 /* Source */,
				42D7BC631B358C6000617635 /* Tests */,
			);
			path = FXLinkedList;
			sourceTree = "<group>";
		};
		42D7BC611B358C6000617635 /* Source */ = {
			isa = PBXGroup;
			children = (
				42FF0DBD1B3DB68C00DA9483 /* FXLinkedListEnumerator */,
				426BE5CD1B36AE5E008A27E4 /* FXLinkedListNode */,
				42D7BC661B358D4E00617635 /* FXLinkedList */,
				42D7BC621B358C6000617635 /* main.c */,
			);
			path = Source;
			sourceTree = "<group>";
		};
		42D7BC631B358C6000617635 /* Tests */ = {
			isa = PBXGroup;
			children = (
				42FF0DBE1B3DB69D00DA9483 /* FXLinkedListEnumeratorTests */,
				426BE5D81B36C18F008A27E4 /* FXLinkedListNodeTests */,
				42D7BC671B358D5F00617635 /* FXLinkedListTests */,
			);
			path = Tests;
			sourceTree = "<group>";
		};
		42D7BC661B358D4E00617635 /* FXLinkedList */ = {
			isa = PBXGroup;
			children = (
				42D7BC681B358D8600617635 /* FXLinkedList.c */,
				42D7BC6A1B358D9300617635 /* FXLinkedList.h */,
				42808CFC1B3E006200C9C979 /* FXLinkedListPrivate.h */,
			);
			path = FXLinkedList;
			sourceTree = "<group>";
		};
		42D7BC671B358D5F00617635 /* FXLinkedListTests */ = {
			isa = PBXGroup;
			children = (
				42D7BC6B1B358DAC00617635 /* FXLinkedListTests.c */,
				42D7BC6D1B358DC000617635 /* FXLinkedListTests.h */,
			);
			path = FXLinkedListTests;
			sourceTree = "<group>";
		};
		42DB73F31B44ECBD0064BBAD /* FXAutoreleasePool */ = {
			isa = PBXGroup;
			children = (
				42DB73FC1B44ED630064BBAD /* Source */,
				42DB73FF1B44ED630064BBAD /* Tests */,
			);
			path = FXAutoreleasePool;
			sourceTree = "<group>";
		};
		42DB73FC1B44ED630064BBAD /* Source */ = {
			isa = PBXGroup;
			children = (
				42DB73FD1B44ED630064BBAD /* FXAutoreleasePool */,
				42DB73FE1B44ED630064BBAD /* main.c */,
			);
			path = Source;
			sourceTree = "<group>";
		};
		42DB73FD1B44ED630064BBAD /* FXAutoreleasePool */ = {
			isa = PBXGroup;
			children = (
				42DB74011B44ED8E0064BBAD /* FXAutoreleasePool.c */,
				42DB74031B44ED9A0064BBAD /* FXAutoreleasePool.h */,
			);
			path = FXAutoreleasePool;
			sourceTree = "<group>";
		};
		42DB73FF1B44ED630064BBAD /* Tests */ = {
			isa = PBXGroup;
			children = (
				42DB74041B44EDAC0064BBAD /* FXAutoreleasePoolTests.c */,
				42DB74061B44EDBD0064BBAD /* FXAutoreleasePoolTests.h */,
			);
			path = Tests;
			sourceTree = "<group>";
		};
		42FF0DBD1B3DB68C00DA9483 /* FXLinkedListEnumerator */ = {
			isa = PBXGroup;
			children = (
				42FF0DBF1B3DB6B600DA9483 /* FXLinkedListEnumerator.c */,
				42FF0DC11B3DB6C500DA9483 /* FXLinkedListEnumerator.h */,
				42808CFE1B3E007700C9C979 /* FXLinkedListEnumeratorPrivate.h */,
			);
			path = FXLinkedListEnumerator;
			sourceTree = "<group>";
		};
		42FF0DBE1B3DB69D00DA9483 /* FXLinkedListEnumeratorTests */ = {
			isa = PBXGroup;
			children = (
				42FF0DC21B3DB6EA00DA9483 /* FXLinkedListEnumeratorTests.c */,
				42FF0DC41B3DB6F700DA9483 /* FXLinkedListEnumeratorTests.h */,
			);
			path = FXLinkedListEnumeratorTests;
			sourceTree = "<group>";
		};
/* End PBXGroup section */

/* Begin PBXNativeTarget section */
		4214E8F01AFA9BF100D0E018 /* Lection_1 */ = {
			isa = PBXNativeTarget;
			buildConfigurationList = 4214E8FB1AFA9BF100D0E018 /* Build configuration list for PBXNativeTarget "Lection_1" */;
			buildPhases = (
				4214E8ED1AFA9BF100D0E018 /* Sources */,
				4214E8EE1AFA9BF100D0E018 /* Frameworks */,
				4214E8EF1AFA9BF100D0E018 /* CopyFiles */,
			);
			buildRules = (
			);
			dependencies = (
			);
			name = Lection_1;
			productName = HomeWorks;
			productReference = 4214E8F11AFA9BF100D0E018 /* Lection_1 */;
			productType = "com.apple.product-type.tool";
		};
		4214E9011AFA9C3C00D0E018 /* Lection_2 */ = {
			isa = PBXNativeTarget;
			buildConfigurationList = 4214E9091AFA9C3C00D0E018 /* Build configuration list for PBXNativeTarget "Lection_2" */;
			buildPhases = (
				4214E8FE1AFA9C3C00D0E018 /* Sources */,
				4214E8FF1AFA9C3C00D0E018 /* Frameworks */,
				4214E9001AFA9C3C00D0E018 /* CopyFiles */,
			);
			buildRules = (
			);
			dependencies = (
			);
			name = Lection_2;
			productName = "Lection-2";
			productReference = 4214E9021AFA9C3C00D0E018 /* Lection_2 */;
			productType = "com.apple.product-type.tool";
		};
		4214E91B1AFA9E1A00D0E018 /* Lection_3 */ = {
			isa = PBXNativeTarget;
			buildConfigurationList = 4214E9231AFA9E1A00D0E018 /* Build configuration list for PBXNativeTarget "Lection_3" */;
			buildPhases = (
				4214E9181AFA9E1A00D0E018 /* Sources */,
				4214E9191AFA9E1A00D0E018 /* Frameworks */,
				4214E91A1AFA9E1A00D0E018 /* CopyFiles */,
			);
			buildRules = (
			);
			dependencies = (
			);
			name = Lection_3;
			productName = "Lection-3";
			productReference = 4214E91C1AFA9E1A00D0E018 /* Lection_3 */;
			productType = "com.apple.product-type.tool";
		};
		423715261B074733000A4877 /* FXObjects */ = {
			isa = PBXNativeTarget;
			buildConfigurationList = 423715301B074733000A4877 /* Build configuration list for PBXNativeTarget "FXObjects" */;
			buildPhases = (
				423715231B074733000A4877 /* Sources */,
				423715241B074733000A4877 /* Frameworks */,
				423715251B074733000A4877 /* CopyFiles */,
			);
			buildRules = (
			);
			dependencies = (
			);
			name = FXObjects;
			productName = FXObjects;
			productReference = 423715271B074733000A4877 /* FXObjects */;
			productType = "com.apple.product-type.tool";
		};
		42643CE51B2320AF00B90F83 /* FXString */ = {
			isa = PBXNativeTarget;
			buildConfigurationList = 42643CEF1B2320AF00B90F83 /* Build configuration list for PBXNativeTarget "FXString" */;
			buildPhases = (
				42643CE21B2320AF00B90F83 /* Sources */,
				42643CE31B2320AF00B90F83 /* Frameworks */,
				42643CE41B2320AF00B90F83 /* CopyFiles */,
			);
			buildRules = (
			);
			dependencies = (
			);
			name = FXString;
			productName = FXString;
			productReference = 42643CE61B2320AF00B90F83 /* FXString */;
			productType = "com.apple.product-type.tool";
		};
		428083611B2458A000334F99 /* FXArray */ = {
			isa = PBXNativeTarget;
			buildConfigurationList = 4280836B1B2458A000334F99 /* Build configuration list for PBXNativeTarget "FXArray" */;
			buildPhases = (
				4280835E1B2458A000334F99 /* Sources */,
				4280835F1B2458A000334F99 /* Frameworks */,
				428083601B2458A000334F99 /* CopyFiles */,
			);
			buildRules = (
			);
			dependencies = (
			);
			name = FXArray;
			productName = FXArray;
			productReference = 428083621B2458A000334F99 /* FXArray */;
			productType = "com.apple.product-type.tool";
		};
		4289804F1B4442130057D669 /* FXAutoreleasingStack */ = {
			isa = PBXNativeTarget;
			buildConfigurationList = 428980591B4442130057D669 /* Build configuration list for PBXNativeTarget "FXAutoreleasingStack" */;
			buildPhases = (
				4289804C1B4442130057D669 /* Sources */,
				4289804D1B4442130057D669 /* Frameworks */,
				4289804E1B4442130057D669 /* CopyFiles */,
			);
			buildRules = (
			);
			dependencies = (
			);
			name = FXAutoreleasingStack;
			productName = FXAutoreleasingStack;
			productReference = 428980501B4442130057D669 /* FXAutoreleasingStack */;
			productType = "com.apple.product-type.tool";
		};
		42B4746A1AFAA1EB00AD71F0 /* Lection_4 */ = {
			isa = PBXNativeTarget;
			buildConfigurationList = 42B474721AFAA1EB00AD71F0 /* Build configuration list for PBXNativeTarget "Lection_4" */;
			buildPhases = (
				42B474671AFAA1EB00AD71F0 /* Sources */,
				42B474681AFAA1EB00AD71F0 /* Frameworks */,
				42B474691AFAA1EB00AD71F0 /* CopyFiles */,
			);
			buildRules = (
			);
			dependencies = (
			);
			name = Lection_4;
			productName = Lection_4;
			productReference = 42B4746B1AFAA1EB00AD71F0 /* Lection_4 */;
			productType = "com.apple.product-type.tool";
		};
		42D78C591B08AD290036BA48 /* FXHuman */ = {
			isa = PBXNativeTarget;
			buildConfigurationList = 42D78C631B08AD290036BA48 /* Build configuration list for PBXNativeTarget "FXHuman" */;
			buildPhases = (
				42D78C561B08AD290036BA48 /* Sources */,
				42D78C571B08AD290036BA48 /* Frameworks */,
				42D78C581B08AD290036BA48 /* CopyFiles */,
			);
			buildRules = (
			);
			dependencies = (
			);
			name = FXHuman;
			productName = FXHuman;
			productReference = 42D78C5A1B08AD290036BA48 /* FXHuman */;
			productType = "com.apple.product-type.tool";
		};
		42D7BC551B358C0E00617635 /* FXLinkedList */ = {
			isa = PBXNativeTarget;
			buildConfigurationList = 42D7BC5F1B358C0E00617635 /* Build configuration list for PBXNativeTarget "FXLinkedList" */;
			buildPhases = (
				42D7BC521B358C0E00617635 /* Sources */,
				42D7BC531B358C0E00617635 /* Frameworks */,
				42D7BC541B358C0E00617635 /* CopyFiles */,
			);
			buildRules = (
			);
			dependencies = (
			);
			name = FXLinkedList;
			productName = FXLinkedList;
			productReference = 42D7BC561B358C0E00617635 /* FXLinkedList */;
			productType = "com.apple.product-type.tool";
		};
		42DB73F01B44ECBD0064BBAD /* FXAutoreleasePool */ = {
			isa = PBXNativeTarget;
			buildConfigurationList = 42DB73FA1B44ECBD0064BBAD /* Build configuration list for PBXNativeTarget "FXAutoreleasePool" */;
			buildPhases = (
				42DB73ED1B44ECBD0064BBAD /* Sources */,
				42DB73EE1B44ECBD0064BBAD /* Frameworks */,
				42DB73EF1B44ECBD0064BBAD /* CopyFiles */,
			);
			buildRules = (
			);
			dependencies = (
			);
			name = FXAutoreleasePool;
			productName = FXAutoreleasePool;
			productReference = 42DB73F11B44ECBD0064BBAD /* FXAutoreleasePool */;
			productType = "com.apple.product-type.tool";
		};
/* End PBXNativeTarget section */

/* Begin PBXProject section */
		4214E8E81AFA9BF000D0E018 /* Project object */ = {
			isa = PBXProject;
			attributes = {
				LastUpgradeCheck = 0420;
			};
			buildConfigurationList = 4214E8EB1AFA9BF000D0E018 /* Build configuration list for PBXProject "FXHomeWorks" */;
			compatibilityVersion = "Xcode 3.2";
			developmentRegion = English;
			hasScannedForEncodings = 0;
			knownRegions = (
				en,
			);
			mainGroup = 4214E8E61AFA9BF000D0E018;
			productRefGroup = 4214E8F21AFA9BF100D0E018 /* Products */;
			projectDirPath = "";
			projectRoot = "";
			targets = (
				4214E8F01AFA9BF100D0E018 /* Lection_1 */,
				4214E9011AFA9C3C00D0E018 /* Lection_2 */,
				4214E91B1AFA9E1A00D0E018 /* Lection_3 */,
				42B4746A1AFAA1EB00AD71F0 /* Lection_4 */,
				423715261B074733000A4877 /* FXObjects */,
				42D78C591B08AD290036BA48 /* FXHuman */,
				42643CE51B2320AF00B90F83 /* FXString */,
				428083611B2458A000334F99 /* FXArray */,
				42D7BC551B358C0E00617635 /* FXLinkedList */,
				4289804F1B4442130057D669 /* FXAutoreleasingStack */,
				42DB73F01B44ECBD0064BBAD /* FXAutoreleasePool */,
			);
		};
/* End PBXProject section */

/* Begin PBXSourcesBuildPhase section */
		4214E8ED1AFA9BF100D0E018 /* Sources */ = {
			isa = PBXSourcesBuildPhase;
			buildActionMask = 2147483647;
			files = (
				426948251AFAA3A900974906 /* main.c in Sources */,
				42CE1C221AFE45710092C406 /* FXParentOutput.c in Sources */,
				42CE1C441AFE90060092C406 /* FXParentOutputTests.c in Sources */,
				42CE1C451AFE90060092C406 /* FXSizeOfTypeOutputTests.c in Sources */,
				4237150B1B070D3B000A4877 /* FXTestsMacro.c in Sources */,
			);
			runOnlyForDeploymentPostprocessing = 0;
		};
		4214E8FE1AFA9C3C00D0E018 /* Sources */ = {
			isa = PBXSourcesBuildPhase;
			buildActionMask = 2147483647;
			files = (
				426948291AFAA3B900974906 /* main.c in Sources */,
				42617EEA1AFF4B070019934C /* FXPrimitiveOutputTypeTests.c in Sources */,
				4237150C1B070D3B000A4877 /* FXTestsMacro.c in Sources */,
			);
			runOnlyForDeploymentPostprocessing = 0;
		};
		4214E9181AFA9E1A00D0E018 /* Sources */ = {
			isa = PBXSourcesBuildPhase;
			buildActionMask = 2147483647;
			files = (
				4269482D1AFAA3CA00974906 /* main.c in Sources */,
				42A6B7AB1AFFC980004D43C6 /* FXDataStruct.c in Sources */,
				42A6B7B21AFFCFD3004D43C6 /* FXDataStructTests.c in Sources */,
				426CDA8B1B012D120002B2EF /* FXBitOutput.c in Sources */,
				426CDA8F1B012D3E0002B2EF /* FXBitOutputTests.c in Sources */,
				4237150D1B070D3B000A4877 /* FXTestsMacro.c in Sources */,
			);
			runOnlyForDeploymentPostprocessing = 0;
		};
		423715231B074733000A4877 /* Sources */ = {
			isa = PBXSourcesBuildPhase;
			buildActionMask = 2147483647;
			files = (
				423715361B0747BE000A4877 /* main.c in Sources */,
				423715381B07481E000A4877 /* FXObject.c in Sources */,
				4237153C1B0753AA000A4877 /* FXObjectTests.c in Sources */,
				4237153E1B07568E000A4877 /* FXTestsMacro.c in Sources */,
				420E32C31B2198060037B6CA /* FXObjectAccessors.c in Sources */,
			);
			runOnlyForDeploymentPostprocessing = 0;
		};
		42643CE21B2320AF00B90F83 /* Sources */ = {
			isa = PBXSourcesBuildPhase;
			buildActionMask = 2147483647;
			files = (
				42643CF61B2320EC00B90F83 /* main.c in Sources */,
				4239DA8E1B23221B0013986B /* FXString.c in Sources */,
				4239DA9F1B2343D40013986B /* FXStringTests.c in Sources */,
				42F9A50E1B2344E20070FF94 /* FXObjectAccessors.c in Sources */,
				42F9A5101B2344E80070FF94 /* FXObject.c in Sources */,
				42D709BE1B23461A0053B63E /* FXTestsMacro.c in Sources */,
			);
			runOnlyForDeploymentPostprocessing = 0;
		};
		4280835E1B2458A000334F99 /* Sources */ = {
			isa = PBXSourcesBuildPhase;
			buildActionMask = 2147483647;
			files = (
				428083721B24598D00334F99 /* main.c in Sources */,
				428083741B2459C300334F99 /* FXArray.c in Sources */,
				428083771B245A0400334F99 /* FXArrayTests.c in Sources */,
				428083791B245ADA00334F99 /* FXTestsMacro.c in Sources */,
				4280837A1B245C4A00334F99 /* FXObjectAccessors.c in Sources */,
				4280837B1B245C4E00334F99 /* FXObject.c in Sources */,
			);
			runOnlyForDeploymentPostprocessing = 0;
		};
		4289804C1B4442130057D669 /* Sources */ = {
			isa = PBXSourcesBuildPhase;
			buildActionMask = 2147483647;
			files = (
				428980601B4442690057D669 /* main.c in Sources */,
				428980621B4443140057D669 /* FXAutoreleasingStackTests.c in Sources */,
				428980651B4443420057D669 /* FXAutoreleasingStack.c in Sources */,
				428980671B4443F10057D669 /* FXTestsMacro.c in Sources */,
				4289806D1B445D160057D669 /* FXObject.c in Sources */,
				4289806E1B445D1A0057D669 /* FXObjectAccessors.c in Sources */,
			);
			runOnlyForDeploymentPostprocessing = 0;
		};
		42B474671AFAA1EB00AD71F0 /* Sources */ = {
			isa = PBXSourcesBuildPhase;
			buildActionMask = 2147483647;
			files = (
				426948191AFAA34A00974906 /* main.c in Sources */,
				4237150E1B070D3B000A4877 /* FXTestsMacro.c in Sources */,
			);
			runOnlyForDeploymentPostprocessing = 0;
		};
		42D78C561B08AD290036BA48 /* Sources */ = {
			isa = PBXSourcesBuildPhase;
			buildActionMask = 2147483647;
			files = (
				42D78C6A1B08ADD20036BA48 /* main.c in Sources */,
				42D78C6B1B08ADF90036BA48 /* FXTestsMacro.c in Sources */,
				42D78C6C1B08AE160036BA48 /* FXObject.c in Sources */,
				42D78C6E1B08AF900036BA48 /* FXHuman.c in Sources */,
				429172BB1B0E609100FB9860 /* FXHumanTests.c in Sources */,
				420E32C41B2198060037B6CA /* FXObjectAccessors.c in Sources */,
				4290DD281B344B180029D187 /* FXString.c in Sources */,
				4270C3771B3488DD000D5D1A /* FXArray.c in Sources */,
			);
			runOnlyForDeploymentPostprocessing = 0;
		};
		42D7BC521B358C0E00617635 /* Sources */ = {
			isa = PBXSourcesBuildPhase;
			buildActionMask = 2147483647;
			files = (
				42D7BC641B358C6000617635 /* main.c in Sources */,
				42D7BC651B358CEC00617635 /* FXTestsMacro.c in Sources */,
				42D7BC691B358D8600617635 /* FXLinkedList.c in Sources */,
				42D7BC6C1B358DAC00617635 /* FXLinkedListTests.c in Sources */,
				426BE5D01B36AE5E008A27E4 /* FXLinkedListNode.c in Sources */,
				426BE5D61B36C04C008A27E4 /* FXObject.c in Sources */,
				426BE5D71B36C052008A27E4 /* FXObjectAccessors.c in Sources */,
				42FF0DBB1B3DB63E00DA9483 /* FXLinkedListNodeTests.c in Sources */,
				42FF0DC01B3DB6B600DA9483 /* FXLinkedListEnumerator.c in Sources */,
				42FF0DC31B3DB6EA00DA9483 /* FXLinkedListEnumeratorTests.c in Sources */,
			);
			runOnlyForDeploymentPostprocessing = 0;
		};
		42DB73ED1B44ECBD0064BBAD /* Sources */ = {
			isa = PBXSourcesBuildPhase;
			buildActionMask = 2147483647;
			files = (
				42DB74001B44ED630064BBAD /* main.c in Sources */,
				42DB74021B44ED8E0064BBAD /* FXAutoreleasePool.c in Sources */,
				42DB74051B44EDAC0064BBAD /* FXAutoreleasePoolTests.c in Sources */,
				42DB74071B44EE610064BBAD /* FXTestsMacro.c in Sources */,
				42CDB5961B4982880055A42A /* FXObject.c in Sources */,
				42CDB5981B49828B0055A42A /* FXObjectAccessors.c in Sources */,
				42CDB59A1B4983310055A42A /* FXLinkedList.c in Sources */,
				42CDB59B1B4983440055A42A /* FXLinkedListNode.c in Sources */,
				42CDB59C1B4983520055A42A /* FXLinkedListEnumerator.c in Sources */,
				42CDB59D1B4992E20055A42A /* FXAutoreleasingStack.c in Sources */,
			);
			runOnlyForDeploymentPostprocessing = 0;
		};
/* End PBXSourcesBuildPhase section */

/* Begin XCBuildConfiguration section */
		4214E8F91AFA9BF100D0E018 /* Debug */ = {
			isa = XCBuildConfiguration;
			buildSettings = {
				ALWAYS_SEARCH_USER_PATHS = NO;
				ARCHS = "$(ARCHS_STANDARD_64_BIT)";
				COPY_PHASE_STRIP = NO;
				GCC_C_LANGUAGE_STANDARD = gnu99;
				GCC_DYNAMIC_NO_PIC = NO;
				GCC_ENABLE_OBJC_EXCEPTIONS = YES;
				GCC_OPTIMIZATION_LEVEL = 0;
				GCC_PREPROCESSOR_DEFINITIONS = (
					"DEBUG=1",
					"$(inherited)",
				);
				GCC_SYMBOLS_PRIVATE_EXTERN = NO;
				GCC_VERSION = com.apple.compilers.llvm.clang.1_0;
				GCC_WARN_64_TO_32_BIT_CONVERSION = YES;
				GCC_WARN_ABOUT_MISSING_PROTOTYPES = YES;
				GCC_WARN_ABOUT_RETURN_TYPE = YES;
				GCC_WARN_UNUSED_VARIABLE = YES;
				MACOSX_DEPLOYMENT_TARGET = 10.6;
				ONLY_ACTIVE_ARCH = YES;
				SDKROOT = macosx;
			};
			name = Debug;
		};
		4214E8FA1AFA9BF100D0E018 /* Release */ = {
			isa = XCBuildConfiguration;
			buildSettings = {
				ALWAYS_SEARCH_USER_PATHS = NO;
				ARCHS = "$(ARCHS_STANDARD_64_BIT)";
				COPY_PHASE_STRIP = YES;
				DEBUG_INFORMATION_FORMAT = "dwarf-with-dsym";
				GCC_C_LANGUAGE_STANDARD = gnu99;
				GCC_ENABLE_OBJC_EXCEPTIONS = YES;
				GCC_VERSION = com.apple.compilers.llvm.clang.1_0;
				GCC_WARN_64_TO_32_BIT_CONVERSION = YES;
				GCC_WARN_ABOUT_MISSING_PROTOTYPES = YES;
				GCC_WARN_ABOUT_RETURN_TYPE = YES;
				GCC_WARN_UNUSED_VARIABLE = YES;
				MACOSX_DEPLOYMENT_TARGET = 10.6;
				SDKROOT = macosx;
			};
			name = Release;
		};
		4214E8FC1AFA9BF100D0E018 /* Debug */ = {
			isa = XCBuildConfiguration;
			buildSettings = {
				PRODUCT_NAME = "$(TARGET_NAME)";
			};
			name = Debug;
		};
		4214E8FD1AFA9BF100D0E018 /* Release */ = {
			isa = XCBuildConfiguration;
			buildSettings = {
				PRODUCT_NAME = "$(TARGET_NAME)";
			};
			name = Release;
		};
		4214E90A1AFA9C3C00D0E018 /* Debug */ = {
			isa = XCBuildConfiguration;
			buildSettings = {
				PRODUCT_NAME = "$(TARGET_NAME)";
			};
			name = Debug;
		};
		4214E90B1AFA9C3C00D0E018 /* Release */ = {
			isa = XCBuildConfiguration;
			buildSettings = {
				PRODUCT_NAME = "$(TARGET_NAME)";
			};
			name = Release;
		};
		4214E9241AFA9E1A00D0E018 /* Debug */ = {
			isa = XCBuildConfiguration;
			buildSettings = {
				PRODUCT_NAME = "$(TARGET_NAME)";
			};
			name = Debug;
		};
		4214E9251AFA9E1A00D0E018 /* Release */ = {
			isa = XCBuildConfiguration;
			buildSettings = {
				PRODUCT_NAME = "$(TARGET_NAME)";
			};
			name = Release;
		};
		4237152E1B074733000A4877 /* Debug */ = {
			isa = XCBuildConfiguration;
			buildSettings = {
				PRODUCT_NAME = "$(TARGET_NAME)";
			};
			name = Debug;
		};
		4237152F1B074733000A4877 /* Release */ = {
			isa = XCBuildConfiguration;
			buildSettings = {
				PRODUCT_NAME = "$(TARGET_NAME)";
			};
			name = Release;
		};
		42643CED1B2320AF00B90F83 /* Debug */ = {
			isa = XCBuildConfiguration;
			buildSettings = {
				PRODUCT_NAME = "$(TARGET_NAME)";
			};
			name = Debug;
		};
		42643CEE1B2320AF00B90F83 /* Release */ = {
			isa = XCBuildConfiguration;
			buildSettings = {
				PRODUCT_NAME = "$(TARGET_NAME)";
			};
			name = Release;
		};
		428083691B2458A000334F99 /* Debug */ = {
			isa = XCBuildConfiguration;
			buildSettings = {
				PRODUCT_NAME = "$(TARGET_NAME)";
			};
			name = Debug;
		};
		4280836A1B2458A000334F99 /* Release */ = {
			isa = XCBuildConfiguration;
			buildSettings = {
				PRODUCT_NAME = "$(TARGET_NAME)";
			};
			name = Release;
		};
		428980571B4442130057D669 /* Debug */ = {
			isa = XCBuildConfiguration;
			buildSettings = {
				PRODUCT_NAME = "$(TARGET_NAME)";
			};
			name = Debug;
		};
		428980581B4442130057D669 /* Release */ = {
			isa = XCBuildConfiguration;
			buildSettings = {
				PRODUCT_NAME = "$(TARGET_NAME)";
			};
			name = Release;
		};
		42B474731AFAA1EB00AD71F0 /* Debug */ = {
			isa = XCBuildConfiguration;
			buildSettings = {
				PRODUCT_NAME = "$(TARGET_NAME)";
			};
			name = Debug;
		};
		42B474741AFAA1EB00AD71F0 /* Release */ = {
			isa = XCBuildConfiguration;
			buildSettings = {
				PRODUCT_NAME = "$(TARGET_NAME)";
			};
			name = Release;
		};
		42D78C611B08AD290036BA48 /* Debug */ = {
			isa = XCBuildConfiguration;
			buildSettings = {
				PRODUCT_NAME = "$(TARGET_NAME)";
			};
			name = Debug;
		};
		42D78C621B08AD290036BA48 /* Release */ = {
			isa = XCBuildConfiguration;
			buildSettings = {
				PRODUCT_NAME = "$(TARGET_NAME)";
			};
			name = Release;
		};
		42D7BC5D1B358C0E00617635 /* Debug */ = {
			isa = XCBuildConfiguration;
			buildSettings = {
				PRODUCT_NAME = "$(TARGET_NAME)";
			};
			name = Debug;
		};
		42D7BC5E1B358C0E00617635 /* Release */ = {
			isa = XCBuildConfiguration;
			buildSettings = {
				PRODUCT_NAME = "$(TARGET_NAME)";
			};
			name = Release;
		};
		42DB73F81B44ECBD0064BBAD /* Debug */ = {
			isa = XCBuildConfiguration;
			buildSettings = {
				PRODUCT_NAME = "$(TARGET_NAME)";
			};
			name = Debug;
		};
		42DB73F91B44ECBD0064BBAD /* Release */ = {
			isa = XCBuildConfiguration;
			buildSettings = {
				PRODUCT_NAME = "$(TARGET_NAME)";
			};
			name = Release;
		};
/* End XCBuildConfiguration section */

/* Begin XCConfigurationList section */
		4214E8EB1AFA9BF000D0E018 /* Build configuration list for PBXProject "FXHomeWorks" */ = {
			isa = XCConfigurationList;
			buildConfigurations = (
				4214E8F91AFA9BF100D0E018 /* Debug */,
				4214E8FA1AFA9BF100D0E018 /* Release */,
			);
			defaultConfigurationIsVisible = 0;
			defaultConfigurationName = Release;
		};
		4214E8FB1AFA9BF100D0E018 /* Build configuration list for PBXNativeTarget "Lection_1" */ = {
			isa = XCConfigurationList;
			buildConfigurations = (
				4214E8FC1AFA9BF100D0E018 /* Debug */,
				4214E8FD1AFA9BF100D0E018 /* Release */,
			);
			defaultConfigurationIsVisible = 0;
			defaultConfigurationName = Release;
		};
		4214E9091AFA9C3C00D0E018 /* Build configuration list for PBXNativeTarget "Lection_2" */ = {
			isa = XCConfigurationList;
			buildConfigurations = (
				4214E90A1AFA9C3C00D0E018 /* Debug */,
				4214E90B1AFA9C3C00D0E018 /* Release */,
			);
			defaultConfigurationIsVisible = 0;
			defaultConfigurationName = Release;
		};
		4214E9231AFA9E1A00D0E018 /* Build configuration list for PBXNativeTarget "Lection_3" */ = {
			isa = XCConfigurationList;
			buildConfigurations = (
				4214E9241AFA9E1A00D0E018 /* Debug */,
				4214E9251AFA9E1A00D0E018 /* Release */,
			);
			defaultConfigurationIsVisible = 0;
			defaultConfigurationName = Release;
		};
		423715301B074733000A4877 /* Build configuration list for PBXNativeTarget "FXObjects" */ = {
			isa = XCConfigurationList;
			buildConfigurations = (
				4237152E1B074733000A4877 /* Debug */,
				4237152F1B074733000A4877 /* Release */,
			);
			defaultConfigurationIsVisible = 0;
			defaultConfigurationName = Release;
		};
		42643CEF1B2320AF00B90F83 /* Build configuration list for PBXNativeTarget "FXString" */ = {
			isa = XCConfigurationList;
			buildConfigurations = (
				42643CED1B2320AF00B90F83 /* Debug */,
				42643CEE1B2320AF00B90F83 /* Release */,
			);
			defaultConfigurationIsVisible = 0;
			defaultConfigurationName = Release;
		};
		4280836B1B2458A000334F99 /* Build configuration list for PBXNativeTarget "FXArray" */ = {
			isa = XCConfigurationList;
			buildConfigurations = (
				428083691B2458A000334F99 /* Debug */,
				4280836A1B2458A000334F99 /* Release */,
			);
			defaultConfigurationIsVisible = 0;
			defaultConfigurationName = Release;
		};
		428980591B4442130057D669 /* Build configuration list for PBXNativeTarget "FXAutoreleasingStack" */ = {
			isa = XCConfigurationList;
			buildConfigurations = (
				428980571B4442130057D669 /* Debug */,
				428980581B4442130057D669 /* Release */,
			);
			defaultConfigurationIsVisible = 0;
			defaultConfigurationName = Release;
		};
		42B474721AFAA1EB00AD71F0 /* Build configuration list for PBXNativeTarget "Lection_4" */ = {
			isa = XCConfigurationList;
			buildConfigurations = (
				42B474731AFAA1EB00AD71F0 /* Debug */,
				42B474741AFAA1EB00AD71F0 /* Release */,
			);
			defaultConfigurationIsVisible = 0;
			defaultConfigurationName = Release;
		};
		42D78C631B08AD290036BA48 /* Build configuration list for PBXNativeTarget "FXHuman" */ = {
			isa = XCConfigurationList;
			buildConfigurations = (
				42D78C611B08AD290036BA48 /* Debug */,
				42D78C621B08AD290036BA48 /* Release */,
			);
			defaultConfigurationIsVisible = 0;
			defaultConfigurationName = Release;
		};
		42D7BC5F1B358C0E00617635 /* Build configuration list for PBXNativeTarget "FXLinkedList" */ = {
			isa = XCConfigurationList;
			buildConfigurations = (
				42D7BC5D1B358C0E00617635 /* Debug */,
				42D7BC5E1B358C0E00617635 /* Release */,
			);
			defaultConfigurationIsVisible = 0;
			defaultConfigurationName = Release;
		};
		42DB73FA1B44ECBD0064BBAD /* Build configuration list for PBXNativeTarget "FXAutoreleasePool" */ = {
			isa = XCConfigurationList;
			buildConfigurations = (
				42DB73F81B44ECBD0064BBAD /* Debug */,
				42DB73F91B44ECBD0064BBAD /* Release */,
			);
			defaultConfigurationIsVisible = 0;
			defaultConfigurationName = Release;
		};
/* End XCConfigurationList section */
	};
	rootObject = 4214E8E81AFA9BF000D0E018 /* Project object */;
}
